
Microsoft Visual Studio Solution File, Format Version 12.00
Project("{FAE04EC0-301F-11D3-BF4B-00C04F79EFBC}") = "Client", "Client\Client.csproj", "{6DAA6D0B-9DDB-4803-A248-4957B939AD13}"
EndProject
Project("{FAE04EC0-301F-11D3-BF4B-00C04F79EFBC}") = "Server", "Server\Server.csproj", "{78D070B0-0E95-4BEF-AB5E-19719236AF3C}"
EndProject
Global
	GlobalSection(SolutionConfigurationPlatforms) = preSolution
		Debug|Any CPU = Debug|Any CPU
		Release|Any CPU = Release|Any CPU
	EndGlobalSection
	GlobalSection(ProjectConfigurationPlatforms) = postSolution
		{6DAA6D0B-9DDB-4803-A248-4957B939AD13}.Debug|Any CPU.ActiveCfg = Debug|Any CPU
		{6DAA6D0B-9DDB-4803-A248-4957B939AD13}.Debug|Any CPU.Build.0 = Debug|Any CPU
		{6DAA6D0B-9DDB-4803-A248-4957B939AD13}.Release|Any CPU.ActiveCfg = Release|Any CPU
		{6DAA6D0B-9DDB-4803-A248-4957B939AD13}.Release|Any CPU.Build.0 = Release|Any CPU
		{78D070B0-0E95-4BEF-AB5E-19719236AF3C}.Debug|Any CPU.ActiveCfg = Debug|Any CPU
		{78D070B0-0E95-4BEF-AB5E-19719236AF3C}.Debug|Any CPU.Build.0 = Debug|Any CPU
		{78D070B0-0E95-4BEF-AB5E-19719236AF3C}.Release|Any CPU.ActiveCfg = Release|Any CPU
		{78D070B0-0E95-4BEF-AB5E-19719236AF3C}.Release|Any CPU.Build.0 = Release|Any CPU
	EndGlobalSection
EndGlobal
