
Microsoft Visual Studio Solution File, Format Version 12.00
Project("{FAE04EC0-301F-11D3-BF4B-00C04F79EFBC}") = "Core", "Core\Core.csproj", "{CE1CE3DE-57D9-4911-9F67-9EEF473AEF99}"
EndProject
Global
	GlobalSection(SolutionConfigurationPlatforms) = preSolution
		Debug|Any CPU = Debug|Any CPU
		Release|Any CPU = Release|Any CPU
	EndGlobalSection
	GlobalSection(ProjectConfigurationPlatforms) = postSolution
		{CE1CE3DE-57D9-4911-9F67-9EEF473AEF99}.Debug|Any CPU.ActiveCfg = Debug|Any CPU
		{CE1CE3DE-57D9-4911-9F67-9EEF473AEF99}.Debug|Any CPU.Build.0 = Debug|Any CPU
		{CE1CE3DE-57D9-4911-9F67-9EEF473AEF99}.Release|Any CPU.ActiveCfg = Release|Any CPU
		{CE1CE3DE-57D9-4911-9F67-9EEF473AEF99}.Release|Any CPU.Build.0 = Release|Any CPU
	EndGlobalSection
EndGlobal
